
Microsoft Visual Studio Solution File, Format Version 12.00
# Visual Studio Version 17
VisualStudioVersion = 17.11.35312.102
MinimumVisualStudioVersion = 10.0.40219.1
Project("{9A19103F-16F7-4668-BE54-9A1E7A4F7556}") = "CreditBank.TradesPortfolio.Infrastructure", "CreditBank.TradesPortfolio.Infrastructure\CreditBank.TradesPortfolio.Infrastructure.csproj", "{6B97853B-D806-484F-80E6-F1F9E2990F12}"
EndProject
Project("{9A19103F-16F7-4668-BE54-9A1E7A4F7556}") = "CreditBank.TradesPortfolio.Domain", "CreditBank.TradesPortfolio.Domain\CreditBank.TradesPortfolio.Domain.csproj", "{C2248CE5-8926-4CCB-A1D5-8826ACEE03FD}"
EndProject
Project("{9A19103F-16F7-4668-BE54-9A1E7A4F7556}") = "CreditBank.TradesPortfolio.Application", "CreditBank.TradesPortfolio.Application\CreditBank.TradesPortfolio.Application.csproj", "{36F2688F-9451-4DFC-BEAD-AC2371BAEA28}"
EndProject
Project("{9A19103F-16F7-4668-BE54-9A1E7A4F7556}") = "CreditBank.TradesPortfolio.Console", "CreditBank.TradesPortfolio.Console\CreditBank.TradesPortfolio.Console.csproj", "{370F5053-D3EF-47CD-879F-849EE1A1EE02}"
EndProject
Global
	GlobalSection(SolutionConfigurationPlatforms) = preSolution
		Debug|Any CPU = Debug|Any CPU
		Release|Any CPU = Release|Any CPU
	EndGlobalSection
	GlobalSection(ProjectConfigurationPlatforms) = postSolution
		{6B97853B-D806-484F-80E6-F1F9E2990F12}.Debug|Any CPU.ActiveCfg = Debug|Any CPU
		{6B97853B-D806-484F-80E6-F1F9E2990F12}.Debug|Any CPU.Build.0 = Debug|Any CPU
		{6B97853B-D806-484F-80E6-F1F9E2990F12}.Release|Any CPU.ActiveCfg = Release|Any CPU
		{6B97853B-D806-484F-80E6-F1F9E2990F12}.Release|Any CPU.Build.0 = Release|Any CPU
		{C2248CE5-8926-4CCB-A1D5-8826ACEE03FD}.Debug|Any CPU.ActiveCfg = Debug|Any CPU
		{C2248CE5-8926-4CCB-A1D5-8826ACEE03FD}.Debug|Any CPU.Build.0 = Debug|Any CPU
		{C2248CE5-8926-4CCB-A1D5-8826ACEE03FD}.Release|Any CPU.ActiveCfg = Release|Any CPU
		{C2248CE5-8926-4CCB-A1D5-8826ACEE03FD}.Release|Any CPU.Build.0 = Release|Any CPU
		{36F2688F-9451-4DFC-BEAD-AC2371BAEA28}.Debug|Any CPU.ActiveCfg = Debug|Any CPU
		{36F2688F-9451-4DFC-BEAD-AC2371BAEA28}.Debug|Any CPU.Build.0 = Debug|Any CPU
		{36F2688F-9451-4DFC-BEAD-AC2371BAEA28}.Release|Any CPU.ActiveCfg = Release|Any CPU
		{36F2688F-9451-4DFC-BEAD-AC2371BAEA28}.Release|Any CPU.Build.0 = Release|Any CPU
		{370F5053-D3EF-47CD-879F-849EE1A1EE02}.Debug|Any CPU.ActiveCfg = Debug|Any CPU
		{370F5053-D3EF-47CD-879F-849EE1A1EE02}.Debug|Any CPU.Build.0 = Debug|Any CPU
		{370F5053-D3EF-47CD-879F-849EE1A1EE02}.Release|Any CPU.ActiveCfg = Release|Any CPU
		{370F5053-D3EF-47CD-879F-849EE1A1EE02}.Release|Any CPU.Build.0 = Release|Any CPU
	EndGlobalSection
	GlobalSection(SolutionProperties) = preSolution
		HideSolutionNode = FALSE
	EndGlobalSection
	GlobalSection(ExtensibilityGlobals) = postSolution
		SolutionGuid = {01A67772-024B-4F7A-81E0-43CCCC610A65}
	EndGlobalSection
EndGlobal
